// !$*UTF8*$!
{
	archiveVersion = 1;
	classes = {
	};
	objectVersion = 46;
	objects = {

/* Begin PBXBuildFile section */
		48A17DED1EF0C1B600B881DA /* AppDelegate.swift in Sources */ = {isa = PBXBuildFile; fileRef = 48A17DEC1EF0C1B600B881DA /* AppDelegate.swift */; };
		48A17DEF1EF0C1B600B881DA /* ViewController.swift in Sources */ = {isa = PBXBuildFile; fileRef = 48A17DEE1EF0C1B600B881DA /* ViewController.swift */; };
		48A17DF21EF0C1B600B881DA /* Main.storyboard in Resources */ = {isa = PBXBuildFile; fileRef = 48A17DF01EF0C1B600B881DA /* Main.storyboard */; };
		48A17DF51EF0C1B600B881DA /* Pokedex.xcdatamodeld in Sources */ = {isa = PBXBuildFile; fileRef = 48A17DF31EF0C1B600B881DA /* Pokedex.xcdatamodeld */; };
		48A17DF71EF0C1B600B881DA /* Assets.xcassets in Resources */ = {isa = PBXBuildFile; fileRef = 48A17DF61EF0C1B600B881DA /* Assets.xcassets */; };
		48A17DFA1EF0C1B600B881DA /* LaunchScreen.storyboard in Resources */ = {isa = PBXBuildFile; fileRef = 48A17DF81EF0C1B600B881DA /* LaunchScreen.storyboard */; };
		48A17E021EF0DDD100B881DA /* pokemon.csv in Resources */ = {isa = PBXBuildFile; fileRef = 48A17E011EF0DDD100B881DA /* pokemon.csv */; };
/* End PBXBuildFile section */

/* Begin PBXFileReference section */
		48A17DE91EF0C1B600B881DA /* Pokedex.app */ = {isa = PBXFileReference; explicitFileType = wrapper.application; includeInIndex = 0; path = Pokedex.app; sourceTree = BUILT_PRODUCTS_DIR; };
		48A17DEC1EF0C1B600B881DA /* AppDelegate.swift */ = {isa = PBXFileReference; lastKnownFileType = sourcecode.swift; path = AppDelegate.swift; sourceTree = "<group>"; };
		48A17DEE1EF0C1B600B881DA /* ViewController.swift */ = {isa = PBXFileReference; lastKnownFileType = sourcecode.swift; path = ViewController.swift; sourceTree = "<group>"; };
		48A17DF11EF0C1B600B881DA /* Base */ = {isa = PBXFileReference; lastKnownFileType = file.storyboard; name = Base; path = Base.lproj/Main.storyboard; sourceTree = "<group>"; };
		48A17DF41EF0C1B600B881DA /* Pokedex.xcdatamodel */ = {isa = PBXFileReference; lastKnownFileType = wrapper.xcdatamodel; path = Pokedex.xcdatamodel; sourceTree = "<group>"; };
		48A17DF61EF0C1B600B881DA /* Assets.xcassets */ = {isa = PBXFileReference; lastKnownFileType = folder.assetcatalog; path = Assets.xcassets; sourceTree = "<group>"; };
		48A17DF91EF0C1B600B881DA /* Base */ = {isa = PBXFileReference; lastKnownFileType = file.storyboard; name = Base; path = Base.lproj/LaunchScreen.storyboard; sourceTree = "<group>"; };
		48A17DFB1EF0C1B600B881DA /* Info.plist */ = {isa = PBXFileReference; lastKnownFileType = text.plist.xml; path = Info.plist; sourceTree = "<group>"; };
		48A17E011EF0DDD100B881DA /* pokemon.csv */ = {isa = PBXFileReference; fileEncoding = 4; lastKnownFileType = text; path = pokemon.csv; sourceTree = "<group>"; };
/* End PBXFileReference section */

/* Begin PBXFrameworksBuildPhase section */
		48A17DE61EF0C1B600B881DA /* Frameworks */ = {
			isa = PBXFrameworksBuildPhase;
			buildActionMask = 2147483647;
			files = (
			);
			runOnlyForDeploymentPostprocessing = 0;
		};
/* End PBXFrameworksBuildPhase section */

/* Begin PBXGroup section */
		48A17DE01EF0C1B600B881DA = {
			isa = PBXGroup;
			children = (
				48A17DEB1EF0C1B600B881DA /* Pokedex */,
				48A17DEA1EF0C1B600B881DA /* Products */,
			);
			sourceTree = "<group>";
		};
		48A17DEA1EF0C1B600B881DA /* Products */ = {
			isa = PBXGroup;
			children = (
				48A17DE91EF0C1B600B881DA /* Pokedex.app */,
			);
			name = Products;
			sourceTree = "<group>";
		};
		48A17DEB1EF0C1B600B881DA /* Pokedex */ = {
			isa = PBXGroup;
			children = (
				48A17DEC1EF0C1B600B881DA /* AppDelegate.swift */,
				48A17DEE1EF0C1B600B881DA /* ViewController.swift */,
				48A17DF01EF0C1B600B881DA /* Main.storyboard */,
				48A17DF61EF0C1B600B881DA /* Assets.xcassets */,
				48A17E011EF0DDD100B881DA /* pokemon.csv */,
				48A17DF81EF0C1B600B881DA /* LaunchScreen.storyboard */,
				48A17DFB1EF0C1B600B881DA /* Info.plist */,
				48A17DF31EF0C1B600B881DA /* Pokedex.xcdatamodeld */,
			);
			path = Pokedex;
			sourceTree = "<group>";
		};
/* End PBXGroup section */

/* Begin PBXNativeTarget section */
		48A17DE81EF0C1B600B881DA /* Pokedex */ = {
			isa = PBXNativeTarget;
			buildConfigurationList = 48A17DFE1EF0C1B600B881DA /* Build configuration list for PBXNativeTarget "Pokedex" */;
			buildPhases = (
				48A17DE51EF0C1B600B881DA /* Sources */,
				48A17DE61EF0C1B600B881DA /* Frameworks */,
				48A17DE71EF0C1B600B881DA /* Resources */,
			);
			buildRules = (
			);
			dependencies = (
			);
			name = Pokedex;
			productName = Pokedex;
			productReference = 48A17DE91EF0C1B600B881DA /* Pokedex.app */;
			productType = "com.apple.product-type.application";
		};
/* End PBXNativeTarget section */

/* Begin PBXProject section */
		48A17DE11EF0C1B600B881DA /* Project object */ = {
			isa = PBXProject;
			attributes = {
				LastSwiftUpdateCheck = 0830;
				LastUpgradeCheck = 0830;
				ORGANIZATIONNAME = "Huan Cung";
				TargetAttributes = {
					48A17DE81EF0C1B600B881DA = {
						CreatedOnToolsVersion = 8.3.2;
						ProvisioningStyle = Automatic;
					};
				};
			};
			buildConfigurationList = 48A17DE41EF0C1B600B881DA /* Build configuration list for PBXProject "Pokedex" */;
			compatibilityVersion = "Xcode 3.2";
			developmentRegion = English;
			hasScannedForEncodings = 0;
			knownRegions = (
				en,
				Base,
			);
			mainGroup = 48A17DE01EF0C1B600B881DA;
			productRefGroup = 48A17DEA1EF0C1B600B881DA /* Products */;
			projectDirPath = "";
			projectRoot = "";
			targets = (
				48A17DE81EF0C1B600B881DA /* Pokedex */,
			);
		};
/* End PBXProject section */

/* Begin PBXResourcesBuildPhase section */
		48A17DE71EF0C1B600B881DA /* Resources */ = {
			isa = PBXResourcesBuildPhase;
			buildActionMask = 2147483647;
			files = (
				48A17DFA1EF0C1B600B881DA /* LaunchScreen.storyboard in Resources */,
				48A17DF71EF0C1B600B881DA /* Assets.xcassets in Resources */,
				48A17E021EF0DDD100B881DA /* pokemon.csv in Resources */,
				48A17DF21EF0C1B600B881DA /* Main.storyboard in Resources */,
			);
			runOnlyForDeploymentPostprocessing = 0;
		};
/* End PBXResourcesBuildPhase section */

/* Begin PBXSourcesBuildPhase section */
		48A17DE51EF0C1B600B881DA /* Sources */ = {
			isa = PBXSourcesBuildPhase;
			buildActionMask = 2147483647;
			files = (
				48A17DEF1EF0C1B600B881DA /* ViewController.swift in Sources */,
				48A17DF51EF0C1B600B881DA /* Pokedex.xcdatamodeld in Sources */,
				48A17DED1EF0C1B600B881DA /* AppDelegate.swift in Sources */,
			);
			runOnlyForDeploymentPostprocessing = 0;
		};
/* End PBXSourcesBuildPhase section */

/* Begin PBXVariantGroup section */
		48A17DF01EF0C1B600B881DA /* Main.storyboard */ = {
			isa = PBXVariantGroup;
			children = (
				48A17DF11EF0C1B600B881DA /* Base */,
			);
			name = Main.storyboard;
			sourceTree = "<group>";
		};
		48A17DF81EF0C1B600B881DA /* LaunchScreen.storyboard */ = {
			isa = PBXVariantGroup;
			children = (
				48A17DF91EF0C1B600B881DA /* Base */,
			);
			name = LaunchScreen.storyboard;
			sourceTree = "<group>";
		};
/* End PBXVariantGroup section */

/* Begin XCBuildConfiguration section */
		48A17DFC1EF0C1B600B881DA /* Debug */ = {
			isa = XCBuildConfiguration;
			buildSettings = {
				ALWAYS_SEARCH_USER_PATHS = NO;
				CLANG_ANALYZER_NONNULL = YES;
				CLANG_ANALYZER_NUMBER_OBJECT_CONVERSION = YES_AGGRESSIVE;
				CLANG_CXX_LANGUAGE_STANDARD = "gnu++0x";
				CLANG_CXX_LIBRARY = "libc++";
				CLANG_ENABLE_MODULES = YES;
				CLANG_ENABLE_OBJC_ARC = YES;
				CLANG_WARN_BOOL_CONVERSION = YES;
				CLANG_WARN_CONSTANT_CONVERSION = YES;
				CLANG_WARN_DIRECT_OBJC_ISA_USAGE = YES_ERROR;
				CLANG_WARN_DOCUMENTATION_COMMENTS = YES;
				CLANG_WARN_EMPTY_BODY = YES;
				CLANG_WARN_ENUM_CONVERSION = YES;
				CLANG_WARN_INFINITE_RECURSION = YES;
				CLANG_WARN_INT_CONVERSION = YES;
				CLANG_WARN_OBJC_ROOT_CLASS = YES_ERROR;
				CLANG_WARN_SUSPICIOUS_MOVE = YES;
				CLANG_WARN_UNREACHABLE_CODE = YES;
				CLANG_WARN__DUPLICATE_METHOD_MATCH = YES;
				"CODE_SIGN_IDENTITY[sdk=iphoneos*]" = "iPhone Developer";
				COPY_PHASE_STRIP = NO;
				DEBUG_INFORMATION_FORMAT = dwarf;
				ENABLE_STRICT_OBJC_MSGSEND = YES;
				ENABLE_TESTABILITY = YES;
				GCC_C_LANGUAGE_STANDARD = gnu99;
				GCC_DYNAMIC_NO_PIC = NO;
				GCC_NO_COMMON_BLOCKS = YES;
				GCC_OPTIMIZATION_LEVEL = 0;
				GCC_PREPROCESSOR_DEFINITIONS = (
					"DEBUG=1",
					"$(inherited)",
				);
				GCC_WARN_64_TO_32_BIT_CONVERSION = YES;
				GCC_WARN_ABOUT_RETURN_TYPE = YES_ERROR;
				GCC_WARN_UNDECLARED_SELECTOR = YES;
				GCC_WARN_UNINITIALIZED_AUTOS = YES_AGGRESSIVE;
				GCC_WARN_UNUSED_FUNCTION = YES;
				GCC_WARN_UNUSED_VARIABLE = YES;
				IPHONEOS_DEPLOYMENT_TARGET = 10.3;
				MTL_ENABLE_DEBUG_INFO = YES;
				ONLY_ACTIVE_ARCH = YES;
				SDKROOT = iphoneos;
				SWIFT_ACTIVE_COMPILATION_CONDITIONS = DEBUG;
				SWIFT_OPTIMIZATION_LEVEL = "-Onone";
			};
			name = Debug;
		};
		48A17DFD1EF0C1B600B881DA /* Release */ = {
			isa = XCBuildConfiguration;
			buildSettings = {
				ALWAYS_SEARCH_USER_PATHS = NO;
				CLANG_ANALYZER_NONNULL = YES;
				CLANG_ANALYZER_NUMBER_OBJECT_CONVERSION = YES_AGGRESSIVE;
				CLANG_CXX_LANGUAGE_STANDARD = "gnu++0x";
				CLANG_CXX_LIBRARY = "libc++";
				CLANG_ENABLE_MODULES = YES;
				CLANG_ENABLE_OBJC_ARC = YES;
				CLANG_WARN_BOOL_CONVERSION = YES;
				CLANG_WARN_CONSTANT_CONVERSION = YES;
				CLANG_WARN_DIRECT_OBJC_ISA_USAGE = YES_ERROR;
				CLANG_WARN_DOCUMENTATION_COMMENTS = YES;
				CLANG_WARN_EMPTY_BODY = YES;
				CLANG_WARN_ENUM_CONVERSION = YES;
				CLANG_WARN_INFINITE_RECURSION = YES;
				CLANG_WARN_INT_CONVERSION = YES;
				CLANG_WARN_OBJC_ROOT_CLASS = YES_ERROR;
				CLANG_WARN_SUSPICIOUS_MOVE = YES;
				CLANG_WARN_UNREACHABLE_CODE = YES;
				CLANG_WARN__DUPLICATE_METHOD_MATCH = YES;
				"CODE_SIGN_IDENTITY[sdk=iphoneos*]" = "iPhone Developer";
				COPY_PHASE_STRIP = NO;
				DEBUG_INFORMATION_FORMAT = "dwarf-with-dsym";
				ENABLE_NS_ASSERTIONS = NO;
				ENABLE_STRICT_OBJC_MSGSEND = YES;
				GCC_C_LANGUAGE_STANDARD = gnu99;
				GCC_NO_COMMON_BLOCKS = YES;
				GCC_WARN_64_TO_32_BIT_CONVERSION = YES;
				GCC_WARN_ABOUT_RETURN_TYPE = YES_ERROR;
				GCC_WARN_UNDECLARED_SELECTOR = YES;
				GCC_WARN_UNINITIALIZED_AUTOS = YES_AGGRESSIVE;
				GCC_WARN_UNUSED_FUNCTION = YES;
				GCC_WARN_UNUSED_VARIABLE = YES;
				IPHONEOS_DEPLOYMENT_TARGET = 10.3;
				MTL_ENABLE_DEBUG_INFO = NO;
				SDKROOT = iphoneos;
				SWIFT_OPTIMIZATION_LEVEL = "-Owholemodule";
				VALIDATE_PRODUCT = YES;
			};
			name = Release;
		};
		48A17DFF1EF0C1B600B881DA /* Debug */ = {
			isa = XCBuildConfiguration;
			buildSettings = {
				ASSETCATALOG_COMPILER_APPICON_NAME = AppIcon;
				INFOPLIST_FILE = Pokedex/Info.plist;
				LD_RUNPATH_SEARCH_PATHS = "$(inherited) @executable_path/Frameworks";
				PRODUCT_BUNDLE_IDENTIFIER = com.gohan.Pokedex;
				PRODUCT_NAME = "$(TARGET_NAME)";
				SWIFT_VERSION = 3.0;
			};
			name = Debug;
		};
		48A17E001EF0C1B600B881DA /* Release */ = {
			isa = XCBuildConfiguration;
			buildSettings = {
				ASSETCATALOG_COMPILER_APPICON_NAME = AppIcon;
				INFOPLIST_FILE = Pokedex/Info.plist;
				LD_RUNPATH_SEARCH_PATHS = "$(inherited) @executable_path/Frameworks";
				PRODUCT_BUNDLE_IDENTIFIER = com.gohan.Pokedex;
				PRODUCT_NAME = "$(TARGET_NAME)";
				SWIFT_VERSION = 3.0;
			};
			name = Release;
		};
/* End XCBuildConfiguration section */

/* Begin XCConfigurationList section */
		48A17DE41EF0C1B600B881DA /* Build configuration list for PBXProject "Pokedex" */ = {
			isa = XCConfigurationList;
			buildConfigurations = (
				48A17DFC1EF0C1B600B881DA /* Debug */,
				48A17DFD1EF0C1B600B881DA /* Release */,
			);
			defaultConfigurationIsVisible = 0;
			defaultConfigurationName = Release;
		};
		48A17DFE1EF0C1B600B881DA /* Build configuration list for PBXNativeTarget "Pokedex" */ = {
			isa = XCConfigurationList;
			buildConfigurations = (
				48A17DFF1EF0C1B600B881DA /* Debug */,
				48A17E001EF0C1B600B881DA /* Release */,
			);
			defaultConfigurationIsVisible = 0;
		};
/* End XCConfigurationList section */

/* Begin XCVersionGroup section */
		48A17DF31EF0C1B600B881DA /* Pokedex.xcdatamodeld */ = {
			isa = XCVersionGroup;
			children = (
				48A17DF41EF0C1B600B881DA /* Pokedex.xcdatamodel */,
			);
			currentVersion = 48A17DF41EF0C1B600B881DA /* Pokedex.xcdatamodel */;
			path = Pokedex.xcdatamodeld;
			sourceTree = "<group>";
			versionGroupType = wrapper.xcdatamodel;
		};
/* End XCVersionGroup section */
	};
	rootObject = 48A17DE11EF0C1B600B881DA /* Project object */;
}
